
Microsoft Visual Studio Solution File, Format Version 12.00
# Visual Studio 15
VisualStudioVersion = 15.0.28307.1913
MinimumVisualStudioVersion = 10.0.40219.1
Project("{FAE04EC0-301F-11D3-BF4B-00C04F79EFBC}") = "AgendaContatos(CRUD)", "AgendaContatos(CRUD)\AgendaContatos(CRUD).csproj", "{D793D2B6-B4B9-47FD-BA65-FE5BF1394BBA}"
EndProject
Global
	GlobalSection(SolutionConfigurationPlatforms) = preSolution
		Debug|Any CPU = Debug|Any CPU
		Release|Any CPU = Release|Any CPU
	EndGlobalSection
	GlobalSection(ProjectConfigurationPlatforms) = postSolution
		{D793D2B6-B4B9-47FD-BA65-FE5BF1394BBA}.Debug|Any CPU.ActiveCfg = Debug|Any CPU
		{D793D2B6-B4B9-47FD-BA65-FE5BF1394BBA}.Debug|Any CPU.Build.0 = Debug|Any CPU
		{D793D2B6-B4B9-47FD-BA65-FE5BF1394BBA}.Release|Any CPU.ActiveCfg = Release|Any CPU
		{D793D2B6-B4B9-47FD-BA65-FE5BF1394BBA}.Release|Any CPU.Build.0 = Release|Any CPU
	EndGlobalSection
	GlobalSection(SolutionProperties) = preSolution
		HideSolutionNode = FALSE
	EndGlobalSection
	GlobalSection(ExtensibilityGlobals) = postSolution
		SolutionGuid = {5AF4489E-2668-4364-B374-219B3AFF5EFA}
	EndGlobalSection
EndGlobal
